
Microsoft Visual Studio Solution File, Format Version 12.00
# Visual Studio 15
Project("{FAE04EC0-301F-11D3-BF4B-00C04F79EFBC}") = "Assembly-CSharp", "Assembly-CSharp.csproj", "{8255732A-F85C-37B5-8501-93F8FA05B4E2}"
EndProject
Project("{FAE04EC0-301F-11D3-BF4B-00C04F79EFBC}") = "Assembly-CSharp-Editor", "Assembly-CSharp-Editor.csproj", "{7D7A8AEE-FDF8-F166-D295-F55A984E180C}"
EndProject
Global
	GlobalSection(SolutionConfigurationPlatforms) = preSolution
		Debug|Any CPU = Debug|Any CPU
		Release|Any CPU = Release|Any CPU
	EndGlobalSection
	GlobalSection(ProjectConfigurationPlatforms) = postSolution
		{8255732A-F85C-37B5-8501-93F8FA05B4E2}.Debug|Any CPU.ActiveCfg = Debug|Any CPU
		{8255732A-F85C-37B5-8501-93F8FA05B4E2}.Debug|Any CPU.Build.0 = Debug|Any CPU
		{8255732A-F85C-37B5-8501-93F8FA05B4E2}.Release|Any CPU.ActiveCfg = Release|Any CPU
		{8255732A-F85C-37B5-8501-93F8FA05B4E2}.Release|Any CPU.Build.0 = Release|Any CPU
		{7D7A8AEE-FDF8-F166-D295-F55A984E180C}.Debug|Any CPU.ActiveCfg = Debug|Any CPU
		{7D7A8AEE-FDF8-F166-D295-F55A984E180C}.Debug|Any CPU.Build.0 = Debug|Any CPU
		{7D7A8AEE-FDF8-F166-D295-F55A984E180C}.Release|Any CPU.ActiveCfg = Release|Any CPU
		{7D7A8AEE-FDF8-F166-D295-F55A984E180C}.Release|Any CPU.Build.0 = Release|Any CPU
	EndGlobalSection
	GlobalSection(SolutionProperties) = preSolution
		HideSolutionNode = FALSE
	EndGlobalSection
EndGlobal
